// !$*UTF8*$!
{
	archiveVersion = 1;
	classes = {
	};
	objectVersion = 56;
	objects = {

/* Begin PBXBuildFile section */
		14C755E459B2546C6AE85ACD /* HyperfocusApp.swift in Sources */ = {isa = PBXBuildFile; fileRef = FC9334C1B1D7948D0511924C /* HyperfocusApp.swift */; };
		9E0D6BBA902F814A79B36282 /* AppDelegate.swift in Sources */ = {isa = PBXBuildFile; fileRef = 982FB1A51382476D8C1A6C69 /* AppDelegate.swift */; };
		52876C65122DF27E3D19A724 /* OverlayWindowController.swift in Sources */ = {isa = PBXBuildFile; fileRef = 52BA83ABDB82BD7BF4AB8D82 /* OverlayWindowController.swift */; };
		52747D21516FA590A1594987 /* DisplayManager.swift in Sources */ = {isa = PBXBuildFile; fileRef = 8B3DB0CB8AA38B398560550D /* DisplayManager.swift */; };
		866F27EAA2C630CC5B5487ED /* ActiveWindowTracker.swift in Sources */ = {isa = PBXBuildFile; fileRef = BA650097F8B2F366FC136DD8 /* ActiveWindowTracker.swift */; };
		161E3C63227360E8F5D1CEC6 /* MouseTracker.swift in Sources */ = {isa = PBXBuildFile; fileRef = 2A077FAB31B174E800E5CA87 /* MouseTracker.swift */; };
		B364B1D6E888B69E8E943AE9 /* BlurEngine.swift in Sources */ = {isa = PBXBuildFile; fileRef = 49C9066AF14BF44AA46C44F1 /* BlurEngine.swift */; };
		21827768EA59A299AC619DBB /* MetalBlurRenderer.swift in Sources */ = {isa = PBXBuildFile; fileRef = 33B87ED1C7D5059BDAC0C6E8 /* MetalBlurRenderer.swift */; };
		FF1B8AD3B2F22B39A09EDA03 /* BlurDesatShaders.metal in Sources */ = {isa = PBXBuildFile; fileRef = 1ED7848A723E51B7E4494104 /* BlurDesatShaders.metal */; };
		6733737D0B4F03031D7B6EB9 /* CachingEngine.swift in Sources */ = {isa = PBXBuildFile; fileRef = 7EE3E35376BCED101658EF55 /* CachingEngine.swift */; };
		C55E2306D079B112010FD06E /* StateMachine.swift in Sources */ = {isa = PBXBuildFile; fileRef = BD5C81E85015DEE23F5B2D8D /* StateMachine.swift */; };
		2CAF6E8FC53FC8CD3CFA57C7 /* MenuBarController.swift in Sources */ = {isa = PBXBuildFile; fileRef = 94F5B5357F6221C8ACAE8119 /* MenuBarController.swift */; };
		49630CA65C1BEBB64E4E8F64 /* SettingsView.swift in Sources */ = {isa = PBXBuildFile; fileRef = 7BD92A066F648145490994FA /* SettingsView.swift */; };
		15CCD452B39A2B4EAF035DC5 /* OnboardingView.swift in Sources */ = {isa = PBXBuildFile; fileRef = 35C4ABF60FB4A42C1D875F48 /* OnboardingView.swift */; };
		41DE07FF7B993C75132026A7 /* LicenseManager.swift in Sources */ = {isa = PBXBuildFile; fileRef = FF89C09EDB6CF04F14515A6A /* LicenseManager.swift */; };
		7A1F03760020BFF797FAA99F /* Info.plist in Sources */ = {isa = PBXBuildFile; fileRef = 8B5A733C0089D3491442F5F9 /* Info.plist */; };
		D0FABD19BD87CA4DA852AA52 /* Assets.xcassets in Sources */ = {isa = PBXBuildFile; fileRef = FE5A5CBDB3B0D35BE30D70C9 /* Assets.xcassets */; };
/* End PBXBuildFile section */

/* Begin PBXFileReference section */
		9AE08DF737C3EFFCD5E10409 /* Project object */ = {isa = PBXFileReference; lastKnownFileType = "wrapper.pb-project"; path = "Hyperfocus.xcodeproj"; sourceTree = "<group>"; };
		F17EB8438091F55BF1ED9724 /* Hyperfocus.app */ = {isa = PBXFileReference; explicitFileType = wrapper.application; includeInIndex = 0; path = "Hyperfocus.app"; sourceTree = BUILT_PRODUCTS_DIR; };
		FA558F18EAD50F58D60A2DC9 /* Debug.xcconfig */ = {isa = PBXFileReference; lastKnownFileType = text.xcconfig; path = Debug.xcconfig; sourceTree = "<group>"; };
		928C1C2B6B72A475750EFA62 /* Release.xcconfig */ = {isa = PBXFileReference; lastKnownFileType = text.xcconfig; path = Release.xcconfig; sourceTree = "<group>"; };
		FC9334C1B1D7948D0511924C /* HyperfocusApp.swift */ = {isa = PBXFileReference; lastKnownFileType = sourcecode.swift; path = "HyperfocusApp.swift"; sourceTree = "<group>"; };
		982FB1A51382476D8C1A6C69 /* AppDelegate.swift */ = {isa = PBXFileReference; lastKnownFileType = sourcecode.swift; path = "AppDelegate.swift"; sourceTree = "<group>"; };
		52BA83ABDB82BD7BF4AB8D82 /* OverlayWindowController.swift */ = {isa = PBXFileReference; lastKnownFileType = sourcecode.swift; path = "OverlayWindowController.swift"; sourceTree = "<group>"; };
		8B3DB0CB8AA38B398560550D /* DisplayManager.swift */ = {isa = PBXFileReference; lastKnownFileType = sourcecode.swift; path = "DisplayManager.swift"; sourceTree = "<group>"; };
		BA650097F8B2F366FC136DD8 /* ActiveWindowTracker.swift */ = {isa = PBXFileReference; lastKnownFileType = sourcecode.swift; path = "ActiveWindowTracker.swift"; sourceTree = "<group>"; };
		2A077FAB31B174E800E5CA87 /* MouseTracker.swift */ = {isa = PBXFileReference; lastKnownFileType = sourcecode.swift; path = "MouseTracker.swift"; sourceTree = "<group>"; };
		49C9066AF14BF44AA46C44F1 /* BlurEngine.swift */ = {isa = PBXFileReference; lastKnownFileType = sourcecode.swift; path = "BlurEngine.swift"; sourceTree = "<group>"; };
		33B87ED1C7D5059BDAC0C6E8 /* MetalBlurRenderer.swift */ = {isa = PBXFileReference; lastKnownFileType = sourcecode.swift; path = "MetalBlurRenderer.swift"; sourceTree = "<group>"; };
		1ED7848A723E51B7E4494104 /* BlurDesatShaders.metal */ = {isa = PBXFileReference; lastKnownFileType = sourcecode.metal; path = "BlurDesatShaders.metal"; sourceTree = "<group>"; };
		7EE3E35376BCED101658EF55 /* CachingEngine.swift */ = {isa = PBXFileReference; lastKnownFileType = sourcecode.swift; path = "CachingEngine.swift"; sourceTree = "<group>"; };
		BD5C81E85015DEE23F5B2D8D /* StateMachine.swift */ = {isa = PBXFileReference; lastKnownFileType = sourcecode.swift; path = "StateMachine.swift"; sourceTree = "<group>"; };
		94F5B5357F6221C8ACAE8119 /* MenuBarController.swift */ = {isa = PBXFileReference; lastKnownFileType = sourcecode.swift; path = "MenuBarController.swift"; sourceTree = "<group>"; };
		7BD92A066F648145490994FA /* SettingsView.swift */ = {isa = PBXFileReference; lastKnownFileType = sourcecode.swift; path = "SettingsView.swift"; sourceTree = "<group>"; };
		35C4ABF60FB4A42C1D875F48 /* OnboardingView.swift */ = {isa = PBXFileReference; lastKnownFileType = sourcecode.swift; path = "OnboardingView.swift"; sourceTree = "<group>"; };
		FF89C09EDB6CF04F14515A6A /* LicenseManager.swift */ = {isa = PBXFileReference; lastKnownFileType = sourcecode.swift; path = "LicenseManager.swift"; sourceTree = "<group>"; };
		8B5A733C0089D3491442F5F9 /* Info.plist */ = {isa = PBXFileReference; lastKnownFileType = text.plist.xml; path = "Info.plist"; sourceTree = "<group>"; };
		FE5A5CBDB3B0D35BE30D70C9 /* Assets.xcassets */ = {isa = PBXFileReference; lastKnownFileType = folder.assetcatalog; path = "Assets.xcassets"; sourceTree = "<group>"; };
/* End PBXFileReference section */

/* Begin PBXGroup section */
		33FC06263C74D3F1A447246E = {
			isa = PBXGroup;
			children = (
				62567C387EE22FF9207D3045 /* OverlayEngine */,
				8E8CC01A09020D2395C51A33 /* RenderPipeline */,
				06938856721AEEE3AD1D3598 /* AppCore */,
				A3E03207413D2617273B2DA4 /* Resources */,
				9CBC07821B87891B56348846 /* Products */,
			);
			path = "Hyperfocus";
			sourceTree = "<group>";
		};
		62567C387EE22FF9207D3045 /* OverlayEngine */ = {
			isa = PBXGroup;
			children = (
				52BA83ABDB82BD7BF4AB8D82 /* OverlayWindowController.swift */,
				8B3DB0CB8AA38B398560550D /* DisplayManager.swift */,
				BA650097F8B2F366FC136DD8 /* ActiveWindowTracker.swift */,
				2A077FAB31B174E800E5CA87 /* MouseTracker.swift */,
			);
			path = OverlayEngine;
			sourceTree = "<group>";
		};
		8E8CC01A09020D2395C51A33 /* RenderPipeline */ = {
			isa = PBXGroup;
			children = (
				49C9066AF14BF44AA46C44F1 /* BlurEngine.swift */,
				33B87ED1C7D5059BDAC0C6E8 /* MetalBlurRenderer.swift */,
				1ED7848A723E51B7E4494104 /* BlurDesatShaders.metal */,
				7EE3E35376BCED101658EF55 /* CachingEngine.swift */,
				BD5C81E85015DEE23F5B2D8D /* StateMachine.swift */,
			);
			path = RenderPipeline;
			sourceTree = "<group>";
		};
		06938856721AEEE3AD1D3598 /* AppCore */ = {
			isa = PBXGroup;
			children = (
				FC9334C1B1D7948D0511924C /* HyperfocusApp.swift */,
				982FB1A51382476D8C1A6C69 /* AppDelegate.swift */,
				94F5B5357F6221C8ACAE8119 /* MenuBarController.swift */,
				7BD92A066F648145490994FA /* SettingsView.swift */,
				35C4ABF60FB4A42C1D875F48 /* OnboardingView.swift */,
				FF89C09EDB6CF04F14515A6A /* LicenseManager.swift */,
				FA558F18EAD50F58D60A2DC9 /* Debug.xcconfig */,
				928C1C2B6B72A475750EFA62 /* Release.xcconfig */,
			);
			path = AppCore;
			sourceTree = "<group>";
		};
		A3E03207413D2617273B2DA4 /* Resources */ = {
			isa = PBXGroup;
			children = (
				8B5A733C0089D3491442F5F9 /* Info.plist */,
				FE5A5CBDB3B0D35BE30D70C9 /* Assets.xcassets */,
			);
			path = Resources;
			sourceTree = "<group>";
		};
		9CBC07821B87891B56348846 /* Products */ = {
			isa = PBXGroup;
			children = (
				F17EB8438091F55BF1ED9724 /* Hyperfocus.app */,
			);
			name = Products;
			sourceTree = "<group>";
		};
/* End PBXGroup section */

/* Begin PBXNativeTarget section */
		6920D38689964DD4953C1969 /* Hyperfocus */ = {
			isa = PBXNativeTarget;
			buildConfigurationList = CCCA17BAE3F7775189821B87 /* Build configuration list for PBXNativeTarget "Hyperfocus" */;
			buildPhases = (
				8C9EFBD3B380D5190077D16F /* Sources */,
				9B0A9467F43A02E654C97617 /* Frameworks */,
				5AD316FBCF155802BA292A26 /* Resources */,
			);
			buildRules = (
			);
			dependencies = (
			);
			name = "Hyperfocus";
			productName = "Hyperfocus";
			productReference = F17EB8438091F55BF1ED9724 /* Hyperfocus.app */;
			productType = "com.apple.product-type.application";
		};
/* End PBXNativeTarget section */

/* Begin PBXProject section */
		9AE08DF737C3EFFCD5E10409 /* Project object */ = {
			isa = PBXProject;
			attributes = {
				BuildIndependentTargetsInParallel = 1;
				LastSwiftUpdateCheck = 1530;
				LastUpgradeCheck = 1530;
				TargetAttributes = {
					6920D38689964DD4953C1969 = {
						CreatedOnToolsVersion = 15.3;
					};
				};
			};
			buildConfigurationList = 665120E54D32D9C844E86530 /* Build configuration list for PBXProject "Hyperfocus" */;
			compatibilityVersion = "Xcode 14.0";
			developmentRegion = en;
			hasScannedForEncodings = 0;
			knownRegions = (
				en,
				Base,
			);
			mainGroup = 33FC06263C74D3F1A447246E;
			productRefGroup = 9CBC07821B87891B56348846 /* Products */;
			projectDirPath = "";
			projectRoot = "";
			targets = (
				6920D38689964DD4953C1969 /* Hyperfocus */,
			);
		};
/* End PBXProject section */

/* Begin PBXSourcesBuildPhase section */
		8C9EFBD3B380D5190077D16F /* Sources */ = {
			isa = PBXSourcesBuildPhase;
			buildActionMask = 2147483647;
			files = (
				14C755E459B2546C6AE85ACD /* HyperfocusApp.swift in Sources */,
				9E0D6BBA902F814A79B36282 /* AppDelegate.swift in Sources */,
				52876C65122DF27E3D19A724 /* OverlayWindowController.swift in Sources */,
				52747D21516FA590A1594987 /* DisplayManager.swift in Sources */,
				866F27EAA2C630CC5B5487ED /* ActiveWindowTracker.swift in Sources */,
				161E3C63227360E8F5D1CEC6 /* MouseTracker.swift in Sources */,
				B364B1D6E888B69E8E943AE9 /* BlurEngine.swift in Sources */,
				21827768EA59A299AC619DBB /* MetalBlurRenderer.swift in Sources */,
				FF1B8AD3B2F22B39A09EDA03 /* BlurDesatShaders.metal in Sources */,
				6733737D0B4F03031D7B6EB9 /* CachingEngine.swift in Sources */,
				C55E2306D079B112010FD06E /* StateMachine.swift in Sources */,
				2CAF6E8FC53FC8CD3CFA57C7 /* MenuBarController.swift in Sources */,
				49630CA65C1BEBB64E4E8F64 /* SettingsView.swift in Sources */,
				15CCD452B39A2B4EAF035DC5 /* OnboardingView.swift in Sources */,
				41DE07FF7B993C75132026A7 /* LicenseManager.swift in Sources */,
			);
			runOnlyForDeploymentPostprocessing = 0;
		};
/* End PBXSourcesBuildPhase section */

/* Begin PBXFrameworksBuildPhase section */
		9B0A9467F43A02E654C97617 /* Frameworks */ = {
			isa = PBXFrameworksBuildPhase;
			buildActionMask = 2147483647;
			files = (
			);
			runOnlyForDeploymentPostprocessing = 0;
		};
/* End PBXFrameworksBuildPhase section */

/* Begin PBXResourcesBuildPhase section */
		5AD316FBCF155802BA292A26 /* Resources */ = {
			isa = PBXResourcesBuildPhase;
			buildActionMask = 2147483647;
			files = (
				D0FABD19BD87CA4DA852AA52 /* Assets.xcassets in Resources */,
			);
			runOnlyForDeploymentPostprocessing = 0;
		};
/* End PBXResourcesBuildPhase section */

/* Begin XCBuildConfiguration section */
		D30811500ED463896153D71F /* Debug */ = {
			isa = XCBuildConfiguration;
			baseConfigurationReference = FA558F18EAD50F58D60A2DC9 /* Debug.xcconfig */;
			buildSettings = {
				ALWAYS_SEARCH_USER_PATHS = NO;
				ASSETCATALOG_COMPILER_GENERATE_SWIFT_ASSET_SYMBOL_EXTENSIONS = YES;
				CLANG_ANALYZER_NONNULL = YES;
				CLANG_CXX_LANGUAGE_STANDARD = "gnu++20";
				CLANG_ENABLE_MODULES = YES;
				CLANG_ENABLE_OBJC_ARC = YES;
				COPY_PHASE_STRIP = NO;
				DEBUG_INFORMATION_FORMAT = dwarf;
				ENABLE_STRICT_OBJC_MSGSEND = YES;
				ENABLE_TESTABILITY = YES;
				ENABLE_USER_SCRIPT_SANDBOXING = YES;
				GCC_DYNAMIC_NO_PIC = NO;
				GCC_OPTIMIZATION_LEVEL = 0;
				GCC_PREPROCESSOR_DEFINITIONS = (
					"DEBUG=1",
					"$(inherited)",
				);
				IPHONEOS_DEPLOYMENT_TARGET = 17.4;
				LOCALIZATION_PREFERS_STRING_CATALOGS = YES;
				MTL_ENABLE_DEBUG_INFO = INCLUDE_SOURCE;
				MTL_FAST_MATH = YES;
				ONLY_ACTIVE_ARCH = YES;
				SWIFT_ACTIVE_COMPILATION_CONDITIONS = "DEBUG $(inherited)";
				SWIFT_OPTIMIZATION_LEVEL = "-Onone";
			};
			name = Debug;
		};
		2AA82A0783E63FD8769838A3 /* Release */ = {
			isa = XCBuildConfiguration;
			baseConfigurationReference = 928C1C2B6B72A475750EFA62 /* Release.xcconfig */;
			buildSettings = {
				ALWAYS_SEARCH_USER_PATHS = NO;
				ASSETCATALOG_COMPILER_GENERATE_SWIFT_ASSET_SYMBOL_EXTENSIONS = YES;
				CLANG_ANALYZER_NONNULL = YES;
				CLANG_CXX_LANGUAGE_STANDARD = "gnu++20";
				CLANG_ENABLE_MODULES = YES;
				CLANG_ENABLE_OBJC_ARC = YES;
				COPY_PHASE_STRIP = NO;
				DEBUG_INFORMATION_FORMAT = "dwarf-with-dsym";
				ENABLE_NS_ASSERTIONS = NO;
				ENABLE_STRICT_OBJC_MSGSEND = YES;
				ENABLE_USER_SCRIPT_SANDBOXING = YES;
				GCC_OPTIMIZATION_LEVEL = s;
				IPHONEOS_DEPLOYMENT_TARGET = 17.4;
				LOCALIZATION_PREFERS_STRING_CATALOGS = YES;
				MTL_ENABLE_DEBUG_INFO = NO;
				MTL_FAST_MATH = YES;
				SWIFT_COMPILATION_MODE = wholemodule;
			};
			name = Release;
		};
		539B97708BB68851E0576B34 /* Debug */ = {
			isa = XCBuildConfiguration;
			baseConfigurationReference = FA558F18EAD50F58D60A2DC9 /* Debug.xcconfig */;
			buildSettings = {
				ASSETCATALOG_COMPILER_APPICON_NAME = AppIcon;
				CODE_SIGN_STYLE = Automatic;
				COMBINE_HIDPI_IMAGES = YES;
				CURRENT_PROJECT_VERSION = 1;
				ENABLE_HARDENED_RUNTIME = YES;
				GENERATE_INFOPLIST_FILE = NO;
				INFOPLIST_FILE = Hyperfocus/Resources/Info.plist;
				INFOPLIST_KEY_LSBackgroundOnly = YES;
				INFOPLIST_KEY_NSHumanReadableCopyright = "";
				INFOPLIST_KEY_NSMainStoryboardFile = "";
				INFOPLIST_KEY_NSPrincipalClass = "";
				LD_RUNPATH_SEARCH_PATHS = (
					"$(inherited)",
					"@executable_path/../Frameworks",
				);
				MARKETING_VERSION = 1.0;
				PRODUCT_BUNDLE_IDENTIFIER = "com.hyperfocus.app";
				PRODUCT_NAME = "$(TARGET_NAME)";
				SWIFT_EMIT_LOC_STRINGS = YES;
				SWIFT_VERSION = 5.0;
			};
			name = Debug;
		};
		ABE6805EE9421417ED14DB91 /* Release */ = {
			isa = XCBuildConfiguration;
			baseConfigurationReference = 928C1C2B6B72A475750EFA62 /* Release.xcconfig */;
			buildSettings = {
				ASSETCATALOG_COMPILER_APPICON_NAME = AppIcon;
				CODE_SIGN_STYLE = Automatic;
				COMBINE_HIDPI_IMAGES = YES;
				CURRENT_PROJECT_VERSION = 1;
				ENABLE_HARDENED_RUNTIME = YES;
				GENERATE_INFOPLIST_FILE = NO;
				INFOPLIST_FILE = Hyperfocus/Resources/Info.plist;
				INFOPLIST_KEY_LSBackgroundOnly = YES;
				INFOPLIST_KEY_NSHumanReadableCopyright = "";
				INFOPLIST_KEY_NSMainStoryboardFile = "";
				INFOPLIST_KEY_NSPrincipalClass = "";
				LD_RUNPATH_SEARCH_PATHS = (
					"$(inherited)",
					"@executable_path/../Frameworks",
				);
				MARKETING_VERSION = 1.0;
				PRODUCT_BUNDLE_IDENTIFIER = "com.hyperfocus.app";
				PRODUCT_NAME = "$(TARGET_NAME)";
				SWIFT_EMIT_LOC_STRINGS = YES;
				SWIFT_VERSION = 5.0;
			};
			name = Release;
		};
/* End XCBuildConfiguration section */

/* Begin XCConfigurationList section */
		665120E54D32D9C844E86530 /* Build configuration list for PBXProject "Hyperfocus" */ = {
			isa = XCConfigurationList;
			buildConfigurations = (
				D30811500ED463896153D71F /* Debug */,
				2AA82A0783E63FD8769838A3 /* Release */,
			);
			defaultConfigurationIsVisible = 0;
			defaultConfigurationName = Release;
		};
		CCCA17BAE3F7775189821B87 /* Build configuration list for PBXNativeTarget "Hyperfocus" */ = {
			isa = XCConfigurationList;
			buildConfigurations = (
				539B97708BB68851E0576B34 /* Debug */,
				ABE6805EE9421417ED14DB91 /* Release */,
			);
			defaultConfigurationIsVisible = 0;
			defaultConfigurationName = Release;
		};
/* End XCConfigurationList section */
	};
	rootObject = 9AE08DF737C3EFFCD5E10409 /* Project object */;
}
