// !$*UTF8*$!
{
	archiveVersion = 1;
	classes = {
	};
	objectVersion = 56;
	objects = {

/* Begin PBXBuildFile section */
		752027ABFC212F0B7C253979 /* HyperfocusApp.swift in Sources */ = {isa = PBXBuildFile; fileRef = 153D3541F238E20F260395CC /* HyperfocusApp.swift */; };
		FF21B2FBE83D58E2B98D3F7E /* AppDelegate.swift in Sources */ = {isa = PBXBuildFile; fileRef = 3BF24DA73C22C48B9643D516 /* AppDelegate.swift */; };
		762F6BA3D7691817B66D1EC1 /* OverlayWindowController.swift in Sources */ = {isa = PBXBuildFile; fileRef = 2CC65488C574925438ED3F9F /* OverlayWindowController.swift */; };
		F58A113A5DEF177D7699E8C4 /* DisplayManager.swift in Sources */ = {isa = PBXBuildFile; fileRef = 17C3480BDBCADBFA2522D57B /* DisplayManager.swift */; };
		984642A84684DBB6AB8A32CE /* ActiveWindowTracker.swift in Sources */ = {isa = PBXBuildFile; fileRef = CC702DC66A58B9439A24150C /* ActiveWindowTracker.swift */; };
		5FB0B6E2235DDE40B7385231 /* MouseTracker.swift in Sources */ = {isa = PBXBuildFile; fileRef = 59E7F882285A98A3B07064AC /* MouseTracker.swift */; };
		A5FC7FD8DCC32712B6940DC4 /* BlurEngine.swift in Sources */ = {isa = PBXBuildFile; fileRef = BCA07CF409F41D1564D63D05 /* BlurEngine.swift */; };
		1F70AEE6F3194C6B5B5552D8 /* MetalBlurRenderer.swift in Sources */ = {isa = PBXBuildFile; fileRef = DDEB46E9171F80F738BDF744 /* MetalBlurRenderer.swift */; };
		93696D774290A9D0F36D0525 /* BlurDesatShaders.metal in Sources */ = {isa = PBXBuildFile; fileRef = A490527897F8676FEB072671 /* BlurDesatShaders.metal */; };
		7A1C4E9B2D3F4A5B6C7D8E01 /* DeepFilter.swift in Sources */ = {isa = PBXBuildFile; fileRef = 7A1C4E9B2D3F4A5B6C7D8E02 /* DeepFilter.swift */; };
		4618DB3C3B47C0AE995DD879 /* MenuBarController.swift in Sources */ = {isa = PBXBuildFile; fileRef = 93937AEE1FE13A1D15BFBCB5 /* MenuBarController.swift */; };
		0CC795515E1BBA81D036A16F /* SettingsView.swift in Sources */ = {isa = PBXBuildFile; fileRef = 79350930AD852384F2390D1D /* SettingsView.swift */; };
		5726A30BB844178BB4126333 /* OnboardingView.swift in Sources */ = {isa = PBXBuildFile; fileRef = AF474A1EB09595AF5DCC1138 /* OnboardingView.swift */; };
		6F818A26057A1F347DB7533E /* Info.plist in Sources */ = {isa = PBXBuildFile; fileRef = 0EE4A8C007867EB12B517AAA /* Info.plist */; };
		26051C9D5DAC1AD15C79AF3A /* Assets.xcassets in Sources */ = {isa = PBXBuildFile; fileRef = 97A1F58CEB0BE2298B2C69F2 /* Assets.xcassets */; };
/* End PBXBuildFile section */

/* Begin PBXFileReference section */
		6C39B5ADC6BB310F02419930 /* Project object */ = {isa = PBXFileReference; lastKnownFileType = "wrapper.pb-project"; path = "Hyperfocus.xcodeproj"; sourceTree = "<group>"; };
		38B9BE7837B1494DE14F3FC0 /* Hyperfocus.app */ = {isa = PBXFileReference; explicitFileType = wrapper.application; includeInIndex = 0; path = "Hyperfocus.app"; sourceTree = BUILT_PRODUCTS_DIR; };
		330F914EC3FB1CF13E9C8E1E /* Debug.xcconfig */ = {isa = PBXFileReference; lastKnownFileType = text.xcconfig; path = Debug.xcconfig; sourceTree = "<group>"; };
		6D05CBD4955F82916FAFC469 /* Release.xcconfig */ = {isa = PBXFileReference; lastKnownFileType = text.xcconfig; path = Release.xcconfig; sourceTree = "<group>"; };
		153D3541F238E20F260395CC /* HyperfocusApp.swift */ = {isa = PBXFileReference; lastKnownFileType = sourcecode.swift; path = "HyperfocusApp.swift"; sourceTree = "<group>"; };
		3BF24DA73C22C48B9643D516 /* AppDelegate.swift */ = {isa = PBXFileReference; lastKnownFileType = sourcecode.swift; path = "AppDelegate.swift"; sourceTree = "<group>"; };
		2CC65488C574925438ED3F9F /* OverlayWindowController.swift */ = {isa = PBXFileReference; lastKnownFileType = sourcecode.swift; path = "OverlayWindowController.swift"; sourceTree = "<group>"; };
		17C3480BDBCADBFA2522D57B /* DisplayManager.swift */ = {isa = PBXFileReference; lastKnownFileType = sourcecode.swift; path = "DisplayManager.swift"; sourceTree = "<group>"; };
		CC702DC66A58B9439A24150C /* ActiveWindowTracker.swift */ = {isa = PBXFileReference; lastKnownFileType = sourcecode.swift; path = "ActiveWindowTracker.swift"; sourceTree = "<group>"; };
		59E7F882285A98A3B07064AC /* MouseTracker.swift */ = {isa = PBXFileReference; lastKnownFileType = sourcecode.swift; path = "MouseTracker.swift"; sourceTree = "<group>"; };
		BCA07CF409F41D1564D63D05 /* BlurEngine.swift */ = {isa = PBXFileReference; lastKnownFileType = sourcecode.swift; path = "BlurEngine.swift"; sourceTree = "<group>"; };
		DDEB46E9171F80F738BDF744 /* MetalBlurRenderer.swift */ = {isa = PBXFileReference; lastKnownFileType = sourcecode.swift; path = "MetalBlurRenderer.swift"; sourceTree = "<group>"; };
		A490527897F8676FEB072671 /* BlurDesatShaders.metal */ = {isa = PBXFileReference; lastKnownFileType = sourcecode.metal; path = "BlurDesatShaders.metal"; sourceTree = "<group>"; };
		7A1C4E9B2D3F4A5B6C7D8E02 /* DeepFilter.swift */ = {isa = PBXFileReference; lastKnownFileType = sourcecode.swift; path = "DeepFilter.swift"; sourceTree = "<group>"; };
		93937AEE1FE13A1D15BFBCB5 /* MenuBarController.swift */ = {isa = PBXFileReference; lastKnownFileType = sourcecode.swift; path = "MenuBarController.swift"; sourceTree = "<group>"; };
		79350930AD852384F2390D1D /* SettingsView.swift */ = {isa = PBXFileReference; lastKnownFileType = sourcecode.swift; path = "SettingsView.swift"; sourceTree = "<group>"; };
		AF474A1EB09595AF5DCC1138 /* OnboardingView.swift */ = {isa = PBXFileReference; lastKnownFileType = sourcecode.swift; path = "OnboardingView.swift"; sourceTree = "<group>"; };
		0EE4A8C007867EB12B517AAA /* Info.plist */ = {isa = PBXFileReference; lastKnownFileType = text.plist.xml; path = "Info.plist"; sourceTree = "<group>"; };
		97A1F58CEB0BE2298B2C69F2 /* Assets.xcassets */ = {isa = PBXFileReference; lastKnownFileType = folder.assetcatalog; path = "Assets.xcassets"; sourceTree = "<group>"; };
/* End PBXFileReference section */

/* Begin PBXGroup section */
		A4106BC45C612BAADB65866E = {
			isa = PBXGroup;
			children = (
				F37843A41BB8813EAC13F766 /* OverlayEngine */,
				1DD7E6DC2186DFFD3EA72E55 /* RenderPipeline */,
				2552B91A72E028E3B307ACE8 /* AppCore */,
				FA1115D4C0DFBC5AB3941777 /* Resources */,
				29825D30D7E6BD9174BE6FE9 /* Products */,
			);
			path = "Hyperfocus";
			sourceTree = "<group>";
		};
		F37843A41BB8813EAC13F766 /* OverlayEngine */ = {
			isa = PBXGroup;
			children = (
				2CC65488C574925438ED3F9F /* OverlayWindowController.swift */,
				17C3480BDBCADBFA2522D57B /* DisplayManager.swift */,
				CC702DC66A58B9439A24150C /* ActiveWindowTracker.swift */,
				59E7F882285A98A3B07064AC /* MouseTracker.swift */,
			);
			path = OverlayEngine;
			sourceTree = "<group>";
		};
		1DD7E6DC2186DFFD3EA72E55 /* RenderPipeline */ = {
			isa = PBXGroup;
			children = (
				BCA07CF409F41D1564D63D05 /* BlurEngine.swift */,
				DDEB46E9171F80F738BDF744 /* MetalBlurRenderer.swift */,
				A490527897F8676FEB072671 /* BlurDesatShaders.metal */,
				7A1C4E9B2D3F4A5B6C7D8E02 /* DeepFilter.swift */,
			);
			path = RenderPipeline;
			sourceTree = "<group>";
		};
		2552B91A72E028E3B307ACE8 /* AppCore */ = {
			isa = PBXGroup;
			children = (
				153D3541F238E20F260395CC /* HyperfocusApp.swift */,
				3BF24DA73C22C48B9643D516 /* AppDelegate.swift */,
				93937AEE1FE13A1D15BFBCB5 /* MenuBarController.swift */,
				79350930AD852384F2390D1D /* SettingsView.swift */,
				AF474A1EB09595AF5DCC1138 /* OnboardingView.swift */,
				330F914EC3FB1CF13E9C8E1E /* Debug.xcconfig */,
				6D05CBD4955F82916FAFC469 /* Release.xcconfig */,
			);
			path = AppCore;
			sourceTree = "<group>";
		};
		FA1115D4C0DFBC5AB3941777 /* Resources */ = {
			isa = PBXGroup;
			children = (
				0EE4A8C007867EB12B517AAA /* Info.plist */,
				97A1F58CEB0BE2298B2C69F2 /* Assets.xcassets */,
			);
			path = Resources;
			sourceTree = "<group>";
		};
		29825D30D7E6BD9174BE6FE9 /* Products */ = {
			isa = PBXGroup;
			children = (
				38B9BE7837B1494DE14F3FC0 /* Hyperfocus.app */,
			);
			name = Products;
			sourceTree = "<group>";
		};
/* End PBXGroup section */

/* Begin PBXNativeTarget section */
		16049B70A261EB5502D68E6D /* Hyperfocus */ = {
			isa = PBXNativeTarget;
			buildConfigurationList = D686C2746307616622865668 /* Build configuration list for PBXNativeTarget "Hyperfocus" */;
			buildPhases = (
				E93F0A755894CA6FE27A0A91 /* Sources */,
				2D753FCE8ECCC62DE6F9B25E /* Frameworks */,
				6A40726ED53CDD3A35CD2688 /* Resources */,
			);
			buildRules = (
			);
			dependencies = (
			);
			name = "Hyperfocus";
			productName = "Hyperfocus";
			productReference = 38B9BE7837B1494DE14F3FC0 /* Hyperfocus.app */;
			productType = "com.apple.product-type.application";
		};
/* End PBXNativeTarget section */

/* Begin PBXProject section */
		6C39B5ADC6BB310F02419930 /* Project object */ = {
			isa = PBXProject;
			attributes = {
				BuildIndependentTargetsInParallel = 1;
				LastSwiftUpdateCheck = 1530;
				LastUpgradeCheck = 1530;
				TargetAttributes = {
					16049B70A261EB5502D68E6D = {
						CreatedOnToolsVersion = 15.3;
					};
				};
			};
			buildConfigurationList = 5D9F017C7343D3F23A6291BE /* Build configuration list for PBXProject "Hyperfocus" */;
			compatibilityVersion = "Xcode 14.0";
			developmentRegion = en;
			hasScannedForEncodings = 0;
			knownRegions = (
				en,
				Base,
			);
			mainGroup = A4106BC45C612BAADB65866E;
			productRefGroup = 29825D30D7E6BD9174BE6FE9 /* Products */;
			projectDirPath = "";
			projectRoot = "";
			targets = (
				16049B70A261EB5502D68E6D /* Hyperfocus */,
			);
		};
/* End PBXProject section */

/* Begin PBXSourcesBuildPhase section */
		E93F0A755894CA6FE27A0A91 /* Sources */ = {
			isa = PBXSourcesBuildPhase;
			buildActionMask = 2147483647;
			files = (
				752027ABFC212F0B7C253979 /* HyperfocusApp.swift in Sources */,
				FF21B2FBE83D58E2B98D3F7E /* AppDelegate.swift in Sources */,
				762F6BA3D7691817B66D1EC1 /* OverlayWindowController.swift in Sources */,
				F58A113A5DEF177D7699E8C4 /* DisplayManager.swift in Sources */,
				984642A84684DBB6AB8A32CE /* ActiveWindowTracker.swift in Sources */,
				5FB0B6E2235DDE40B7385231 /* MouseTracker.swift in Sources */,
				A5FC7FD8DCC32712B6940DC4 /* BlurEngine.swift in Sources */,
				1F70AEE6F3194C6B5B5552D8 /* MetalBlurRenderer.swift in Sources */,
				93696D774290A9D0F36D0525 /* BlurDesatShaders.metal in Sources */,
				7A1C4E9B2D3F4A5B6C7D8E01 /* DeepFilter.swift in Sources */,
				4618DB3C3B47C0AE995DD879 /* MenuBarController.swift in Sources */,
				0CC795515E1BBA81D036A16F /* SettingsView.swift in Sources */,
				5726A30BB844178BB4126333 /* OnboardingView.swift in Sources */,
			);
			runOnlyForDeploymentPostprocessing = 0;
		};
/* End PBXSourcesBuildPhase section */

/* Begin PBXFrameworksBuildPhase section */
		2D753FCE8ECCC62DE6F9B25E /* Frameworks */ = {
			isa = PBXFrameworksBuildPhase;
			buildActionMask = 2147483647;
			files = (
			);
			runOnlyForDeploymentPostprocessing = 0;
		};
/* End PBXFrameworksBuildPhase section */

/* Begin PBXResourcesBuildPhase section */
		6A40726ED53CDD3A35CD2688 /* Resources */ = {
			isa = PBXResourcesBuildPhase;
			buildActionMask = 2147483647;
			files = (
				26051C9D5DAC1AD15C79AF3A /* Assets.xcassets in Resources */,
			);
			runOnlyForDeploymentPostprocessing = 0;
		};
/* End PBXResourcesBuildPhase section */

/* Begin XCBuildConfiguration section */
		07EB020157BE56B623D50017 /* Debug */ = {
			isa = XCBuildConfiguration;
			baseConfigurationReference = 330F914EC3FB1CF13E9C8E1E /* Debug.xcconfig */;
			buildSettings = {
				ALWAYS_SEARCH_USER_PATHS = NO;
				ASSETCATALOG_COMPILER_GENERATE_SWIFT_ASSET_SYMBOL_EXTENSIONS = YES;
				CLANG_ANALYZER_NONNULL = YES;
				CLANG_CXX_LANGUAGE_STANDARD = "gnu++20";
				CLANG_ENABLE_MODULES = YES;
				CLANG_ENABLE_OBJC_ARC = YES;
				COPY_PHASE_STRIP = NO;
				DEBUG_INFORMATION_FORMAT = dwarf;
				ENABLE_STRICT_OBJC_MSGSEND = YES;
				ENABLE_TESTABILITY = YES;
				ENABLE_USER_SCRIPT_SANDBOXING = YES;
				GCC_DYNAMIC_NO_PIC = NO;
				GCC_OPTIMIZATION_LEVEL = 0;
				GCC_PREPROCESSOR_DEFINITIONS = (
					"DEBUG=1",
					"$(inherited)",
				);
				IPHONEOS_DEPLOYMENT_TARGET = 17.4;
				LOCALIZATION_PREFERS_STRING_CATALOGS = YES;
				MTL_ENABLE_DEBUG_INFO = INCLUDE_SOURCE;
				MTL_FAST_MATH = YES;
				ONLY_ACTIVE_ARCH = YES;
				SWIFT_ACTIVE_COMPILATION_CONDITIONS = "DEBUG $(inherited)";
				SWIFT_OPTIMIZATION_LEVEL = "-Onone";
			};
			name = Debug;
		};
		822E06D44DF9BD04163AC00D /* Release */ = {
			isa = XCBuildConfiguration;
			baseConfigurationReference = 6D05CBD4955F82916FAFC469 /* Release.xcconfig */;
			buildSettings = {
				ALWAYS_SEARCH_USER_PATHS = NO;
				ASSETCATALOG_COMPILER_GENERATE_SWIFT_ASSET_SYMBOL_EXTENSIONS = YES;
				CLANG_ANALYZER_NONNULL = YES;
				CLANG_CXX_LANGUAGE_STANDARD = "gnu++20";
				CLANG_ENABLE_MODULES = YES;
				CLANG_ENABLE_OBJC_ARC = YES;
				COPY_PHASE_STRIP = NO;
				DEBUG_INFORMATION_FORMAT = "dwarf-with-dsym";
				ENABLE_NS_ASSERTIONS = NO;
				ENABLE_STRICT_OBJC_MSGSEND = YES;
				ENABLE_USER_SCRIPT_SANDBOXING = YES;
				GCC_OPTIMIZATION_LEVEL = s;
				IPHONEOS_DEPLOYMENT_TARGET = 17.4;
				LOCALIZATION_PREFERS_STRING_CATALOGS = YES;
				MTL_ENABLE_DEBUG_INFO = NO;
				MTL_FAST_MATH = YES;
				SWIFT_COMPILATION_MODE = wholemodule;
			};
			name = Release;
		};
		1BA30CA25E66E0B7E786D4E3 /* Debug */ = {
			isa = XCBuildConfiguration;
			baseConfigurationReference = 330F914EC3FB1CF13E9C8E1E /* Debug.xcconfig */;
			buildSettings = {
				ASSETCATALOG_COMPILER_APPICON_NAME = AppIcon;
				CODE_SIGN_STYLE = Automatic;
				COMBINE_HIDPI_IMAGES = YES;
				CURRENT_PROJECT_VERSION = 1;
				ENABLE_HARDENED_RUNTIME = YES;
				GENERATE_INFOPLIST_FILE = NO;
				INFOPLIST_FILE = Hyperfocus/Resources/Info.plist;
				INFOPLIST_KEY_LSBackgroundOnly = YES;
				INFOPLIST_KEY_NSHumanReadableCopyright = "";
				INFOPLIST_KEY_NSMainStoryboardFile = "";
				INFOPLIST_KEY_NSPrincipalClass = "";
				LD_RUNPATH_SEARCH_PATHS = (
					"$(inherited)",
					"@executable_path/../Frameworks",
				);
				MARKETING_VERSION = 1.0;
				PRODUCT_BUNDLE_IDENTIFIER = "com.hyperfocus.app";
				PRODUCT_NAME = "$(TARGET_NAME)";
				SWIFT_EMIT_LOC_STRINGS = YES;
				SWIFT_VERSION = 5.0;
			};
			name = Debug;
		};
		740BFED8B0702B9A46CD6473 /* Release */ = {
			isa = XCBuildConfiguration;
			baseConfigurationReference = 6D05CBD4955F82916FAFC469 /* Release.xcconfig */;
			buildSettings = {
				ASSETCATALOG_COMPILER_APPICON_NAME = AppIcon;
				CODE_SIGN_STYLE = Automatic;
				COMBINE_HIDPI_IMAGES = YES;
				CURRENT_PROJECT_VERSION = 1;
				ENABLE_HARDENED_RUNTIME = YES;
				GENERATE_INFOPLIST_FILE = NO;
				INFOPLIST_FILE = Hyperfocus/Resources/Info.plist;
				INFOPLIST_KEY_LSBackgroundOnly = YES;
				INFOPLIST_KEY_NSHumanReadableCopyright = "";
				INFOPLIST_KEY_NSMainStoryboardFile = "";
				INFOPLIST_KEY_NSPrincipalClass = "";
				LD_RUNPATH_SEARCH_PATHS = (
					"$(inherited)",
					"@executable_path/../Frameworks",
				);
				MARKETING_VERSION = 1.0;
				PRODUCT_BUNDLE_IDENTIFIER = "com.hyperfocus.app";
				PRODUCT_NAME = "$(TARGET_NAME)";
				SWIFT_EMIT_LOC_STRINGS = YES;
				SWIFT_VERSION = 5.0;
			};
			name = Release;
		};
/* End XCBuildConfiguration section */

/* Begin XCConfigurationList section */
		5D9F017C7343D3F23A6291BE /* Build configuration list for PBXProject "Hyperfocus" */ = {
			isa = XCConfigurationList;
			buildConfigurations = (
				07EB020157BE56B623D50017 /* Debug */,
				822E06D44DF9BD04163AC00D /* Release */,
			);
			defaultConfigurationIsVisible = 0;
			defaultConfigurationName = Release;
		};
		D686C2746307616622865668 /* Build configuration list for PBXNativeTarget "Hyperfocus" */ = {
			isa = XCConfigurationList;
			buildConfigurations = (
				1BA30CA25E66E0B7E786D4E3 /* Debug */,
				740BFED8B0702B9A46CD6473 /* Release */,
			);
			defaultConfigurationIsVisible = 0;
			defaultConfigurationName = Release;
		};
/* End XCConfigurationList section */
	};
	rootObject = 6C39B5ADC6BB310F02419930 /* Project object */;
}
